
Microsoft Visual Studio Solution File, Format Version 12.00
# Visual Studio 15
Project("{FAE04EC0-301F-11D3-BF4B-00C04F79EFBC}") = "UIFramework", "UIFramework.csproj", "{B4AF1B08-298B-E1D0-5875-9AB3294E2FBA}"
EndProject
Project("{FAE04EC0-301F-11D3-BF4B-00C04F79EFBC}") = "UIFramework.Editor", "UIFramework.Editor.csproj", "{6EFB84C0-D2FB-E252-39B4-3B8746452AF5}"
EndProject
Global
	GlobalSection(SolutionConfigurationPlatforms) = preSolution
		Debug|Any CPU = Debug|Any CPU
		Release|Any CPU = Release|Any CPU
	EndGlobalSection
	GlobalSection(ProjectConfigurationPlatforms) = postSolution
		{B4AF1B08-298B-E1D0-5875-9AB3294E2FBA}.Debug|Any CPU.ActiveCfg = Debug|Any CPU
		{B4AF1B08-298B-E1D0-5875-9AB3294E2FBA}.Debug|Any CPU.Build.0 = Debug|Any CPU
		{B4AF1B08-298B-E1D0-5875-9AB3294E2FBA}.Release|Any CPU.ActiveCfg = Release|Any CPU
		{B4AF1B08-298B-E1D0-5875-9AB3294E2FBA}.Release|Any CPU.Build.0 = Release|Any CPU
		{6EFB84C0-D2FB-E252-39B4-3B8746452AF5}.Debug|Any CPU.ActiveCfg = Debug|Any CPU
		{6EFB84C0-D2FB-E252-39B4-3B8746452AF5}.Debug|Any CPU.Build.0 = Debug|Any CPU
		{6EFB84C0-D2FB-E252-39B4-3B8746452AF5}.Release|Any CPU.ActiveCfg = Release|Any CPU
		{6EFB84C0-D2FB-E252-39B4-3B8746452AF5}.Release|Any CPU.Build.0 = Release|Any CPU
	EndGlobalSection
	GlobalSection(SolutionProperties) = preSolution
		HideSolutionNode = FALSE
	EndGlobalSection
EndGlobal
